#MicroXplorer Configuration settings - do not modify
Mcu.Family=STM32F1
ProjectManager.MainLocation=Core/Src
RCC.MCOFreq_Value=64000000
PB13.GPIOParameters=GPIO_Label
PA6.Mode=Full_Duplex_Master
ProjectManager.KeepUserCode=true
Mcu.UserName=STM32F103C8Tx
SPI1.VirtualType=VM_MASTER
PB10.Mode=Asynchronous
TIM1.IPParameters=Prescaler,Period,AutoReloadPreload,TIM_MasterOutputTrigger
USART1.BaudRate=9600
SH.GPXTI14.0=GPIO_EXTI14
RCC.PLLCLKFreq_Value=64000000
ProjectManager.functionlistsort=1-MX_GPIO_Init-GPIO-false-HAL-true,2-SystemClock_Config-RCC-false-HAL-false,3-MX_I2C1_Init-I2C1-false-HAL-true,4-MX_SPI1_Init-SPI1-false-HAL-true,5-MX_USART1_UART_Init-USART1-false-HAL-true,6-MX_TIM1_Init-TIM1-false-HAL-true,7-MX_USART3_UART_Init-USART3-false-HAL-true
PA3.GPIOParameters=GPIO_Speed
RCC.ADCFreqValue=32000000
PB0.GPIO_Label=M1
NVIC.TIM1_UP_IRQn=true\:0\:0\:false\:false\:true\:true\:true
USART1.IPParameters=VirtualMode,BaudRate
PB13.GPIO_Label=M0
PA3.GPIO_Speed=GPIO_SPEED_FREQ_HIGH
PB11.Signal=USART3_RX
PB13.Signal=GPIO_Output
PB15.Signal=GPXTI15
PinOutPanel.RotationAngle=0
RCC.SYSCLKSource=RCC_SYSCLKSOURCE_PLLCLK
ProjectManager.StackSize=0x400
PD1-OSC_OUT.Signal=RCC_OSC_OUT
Mcu.IP4=SYS
RCC.FCLKCortexFreq_Value=64000000
Mcu.IP5=TIM1
I2C1.IPParameters=I2C_Mode
NVIC.SVCall_IRQn=true\:0\:0\:false\:false\:true\:false\:false
Mcu.IP2=RCC
Mcu.IP3=SPI1
Mcu.IP0=I2C1
Mcu.IP1=NVIC
TIM1.Prescaler=6400
USART3.BaudRate=9600
Mcu.UserConstants=
Mcu.ThirdPartyNb=0
SPI1.Direction=SPI_DIRECTION_2LINES
RCC.HCLKFreq_Value=64000000
Mcu.IPNb=8
ProjectManager.PreviousToolchain=
RCC.APB2TimFreq_Value=64000000
PB6.Signal=I2C1_SCL
PB6.Mode=I2C
SPI1.CalculateBaudRate=2.0 MBits/s
PA8.GPIOParameters=GPIO_PuPd,GPIO_ModeDefaultEXTI
Mcu.Pin6=PA5
Mcu.Pin7=PA6
Mcu.Pin8=PA7
Mcu.Pin9=PB0
RCC.AHBFreq_Value=64000000
PB13.Locked=true
Mcu.Pin0=PC13-TAMPER-RTC
Mcu.Pin1=PD0-OSC_IN
GPIO.groupedBy=Group By Peripherals
Mcu.Pin2=PD1-OSC_OUT
Mcu.Pin3=PA2
Mcu.Pin4=PA3
NVIC.EXTI15_10_IRQn=true\:0\:0\:false\:false\:true\:true\:true
Mcu.Pin5=PA4
ProjectManager.ProjectBuild=false
NVIC.UsageFault_IRQn=true\:0\:0\:false\:false\:true\:false\:false
NVIC.DebugMonitor_IRQn=true\:0\:0\:false\:false\:true\:false\:false
PA8.Locked=true
PA4.Locked=true
NVIC.SysTick_IRQn=true\:0\:0\:false\:false\:true\:false\:true
RCC.PLLMUL=RCC_PLL_MUL8
PA4.GPIO_Speed=GPIO_SPEED_FREQ_HIGH
ProjectManager.FirmwarePackage=STM32Cube FW_F1 V1.8.4
MxDb.Version=DB.6.0.21
PB0.GPIOParameters=GPIO_Label
ProjectManager.BackupPrevious=false
PA14.Mode=Serial_Wire
PB1.GPIO_Label=AUX
File.Version=6
PB7.Signal=I2C1_SDA
PA8.Signal=GPXTI8
NVIC.PendSV_IRQn=true\:0\:0\:false\:false\:true\:false\:false
ProjectManager.HalAssertFull=false
PB0.Locked=true
VP_TIM1_VS_ClockSourceINT.Mode=Internal
ProjectManager.ProjectName=NRF_and_LoRa_RX
RCC.PLLMCOFreq_Value=32000000
Mcu.Package=LQFP48
PB14.GPIO_PuPd=GPIO_PULLUP
PB1.Signal=GPIO_Input
PA6.Signal=SPI1_MISO
PB15.GPIO_PuPd=GPIO_PULLUP
PA8.GPIO_ModeDefaultEXTI=GPIO_MODE_IT_FALLING
SH.GPXTI8.0=GPIO_EXTI8
ProjectManager.ToolChainLocation=
VP_SYS_VS_Systick.Signal=SYS_VS_Systick
SH.GPXTI8.ConfNb=1
USART3.IPParameters=VirtualMode,BaudRate
PA10.Signal=USART1_RX
PB14.GPIOParameters=GPIO_PuPd,GPIO_ModeDefaultEXTI
SH.GPXTI14.ConfNb=1
RCC.APB1TimFreq_Value=64000000
NVIC.BusFault_IRQn=true\:0\:0\:false\:false\:true\:false\:false
TIM1.Period=100
NVIC.USART1_IRQn=true\:1\:0\:true\:false\:true\:true\:true
SPI1.BaudRatePrescaler=SPI_BAUDRATEPRESCALER_32
ProjectManager.CustomerFirmwarePackage=
PB15.Locked=true
PA3.Signal=GPIO_Output
PA5.Mode=Full_Duplex_Master
PA2.Locked=true
PB14.GPIO_ModeDefaultEXTI=GPIO_MODE_IT_FALLING
RCC.PLLSourceVirtual=RCC_PLLSOURCE_HSE
ProjectManager.ProjectFileName=NRF_and_LoRa_RX.ioc
PA7.Mode=Full_Duplex_Master
PD1-OSC_OUT.Mode=HSE-External-Oscillator
Mcu.PinsNb=25
PA10.Mode=Asynchronous
ProjectManager.NoMain=false
SPI1.IPParameters=VirtualType,Mode,Direction,BaudRatePrescaler,CalculateBaudRate
PC13-TAMPER-RTC.Signal=GPIO_Output
ProjectManager.DefaultFWLocation=true
PD0-OSC_IN.Signal=RCC_OSC_IN
ProjectManager.DeletePrevious=true
PB14.Locked=true
RCC.APB1CLKDivider=RCC_HCLK_DIV2
RCC.FamilyName=M
PA13.Signal=SYS_JTMS-SWDIO
TIM1.AutoReloadPreload=TIM_AUTORELOAD_PRELOAD_ENABLE
PA9.Mode=Asynchronous
PA4.PinState=GPIO_PIN_SET
PB11.Mode=Asynchronous
ProjectManager.TargetToolchain=STM32CubeIDE
I2C1.I2C_Mode=I2C_Fast
PA9.Signal=USART1_TX
VP_TIM1_VS_ClockSourceINT.Signal=TIM1_VS_ClockSourceINT
ProjectManager.RegisterCallBack=
PC13-TAMPER-RTC.Locked=true
RCC.USBFreq_Value=64000000
PB1.Locked=true
PD0-OSC_IN.Mode=HSE-External-Oscillator
PB10.Signal=USART3_TX
PB14.Signal=GPXTI14
PA5.Signal=SPI1_SCK
PB15.GPIO_ModeDefaultEXTI=GPIO_MODE_IT_FALLING
board=custom
ProjectManager.LastFirmware=true
RCC.VCOOutput2Freq_Value=8000000
TIM1.TIM_MasterOutputTrigger=TIM_TRGO_ENABLE
RCC.APB2Freq_Value=64000000
MxCube.Version=6.2.1
SPI1.Mode=SPI_MODE_MASTER
VP_SYS_VS_Systick.Mode=SysTick
NVIC.NonMaskableInt_IRQn=true\:0\:0\:false\:false\:true\:false\:false
PA4.GPIOParameters=GPIO_Speed,PinState
PB15.GPIOParameters=GPIO_PuPd,GPIO_ModeDefaultEXTI
PA13.Mode=Serial_Wire
ProjectManager.FreePins=false
RCC.IPParameters=ADCFreqValue,AHBFreq_Value,APB1CLKDivider,APB1Freq_Value,APB1TimFreq_Value,APB2Freq_Value,APB2TimFreq_Value,FCLKCortexFreq_Value,FamilyName,HCLKFreq_Value,MCOFreq_Value,PLLCLKFreq_Value,PLLMCOFreq_Value,PLLMUL,PLLSourceVirtual,SYSCLKFreq_VALUE,SYSCLKSource,TimSysFreq_Value,USBFreq_Value,VCOOutput2Freq_Value
ProjectManager.AskForMigrate=true
Mcu.Name=STM32F103C(8-B)Tx
Mcu.Pin24=VP_TIM1_VS_ClockSourceINT
PA2.Signal=GPIO_Input
ProjectManager.UnderRoot=true
Mcu.IP6=USART1
Mcu.IP7=USART3
ProjectManager.CoupleFile=false
PA4.Signal=GPIO_Output
RCC.SYSCLKFreq_VALUE=64000000
Mcu.Pin22=PB7
Mcu.Pin23=VP_SYS_VS_Systick
RCC.TimSysFreq_Value=64000000
Mcu.Pin20=PA14
PA3.Locked=true
Mcu.Pin21=PB6
NVIC.ForceEnableDMAVector=true
KeepUserPlacement=false
USART3.VirtualMode=VM_ASYNC
NVIC.MemoryManagement_IRQn=true\:0\:0\:false\:false\:true\:false\:false
USART1.VirtualMode=VM_ASYNC
ProjectManager.CompilerOptimize=6
PB7.Mode=I2C
NVIC.EXTI9_5_IRQn=true\:0\:0\:false\:false\:true\:true\:true
PA14.Signal=SYS_JTCK-SWCLK
ProjectManager.HeapSize=0x200
Mcu.Pin15=PB15
NVIC.HardFault_IRQn=true\:0\:0\:false\:false\:true\:false\:false
Mcu.Pin16=PA8
Mcu.Pin13=PB13
Mcu.Pin14=PB14
Mcu.Pin19=PA13
SH.GPXTI15.ConfNb=1
ProjectManager.ComputerToolchain=false
Mcu.Pin17=PA9
PA8.GPIO_PuPd=GPIO_PULLUP
Mcu.Pin18=PA10
NVIC.PriorityGroup=NVIC_PRIORITYGROUP_4
Mcu.Pin11=PB10
SH.GPXTI15.0=GPIO_EXTI15
Mcu.Pin12=PB11
Mcu.Pin10=PB1
RCC.APB1Freq_Value=32000000
PB0.Signal=GPIO_Output
ProjectManager.DeviceId=STM32F103C8Tx
ProjectManager.LibraryCopy=1
PB1.GPIOParameters=GPIO_Label
PA7.Signal=SPI1_MOSI
isbadioc=false
